
Microsoft Visual Studio Solution File, Format Version 12.00
# Visual Studio Version 17
VisualStudioVersion = 17.2.32505.173
MinimumVisualStudioVersion = 10.0.40219.1
Project("{9A19103F-16F7-4668-BE54-9A1E7A4F7556}") = "zad1", "zad2\zad1.csproj", "{39F80C5F-30C9-4741-B5E2-013022A65B4C}"
EndProject
Project("{9A19103F-16F7-4668-BE54-9A1E7A4F7556}") = "zadd2", "zadd2\zadd2.csproj", "{6FA19801-96DB-4D2F-970D-85F3908A8DA4}"
EndProject
Project("{9A19103F-16F7-4668-BE54-9A1E7A4F7556}") = "zad3", "zad3\zad3.csproj", "{10216DB3-6355-47CD-B58B-DFC221BB2295}"
EndProject
Project("{9A19103F-16F7-4668-BE54-9A1E7A4F7556}") = "zad4", "zad4\zad4.csproj", "{7E5CDDAD-E597-47E6-B3B1-C4D0F4D65210}"
EndProject
Project("{9A19103F-16F7-4668-BE54-9A1E7A4F7556}") = "zad5", "zad5\zad5.csproj", "{9C53088C-3ADA-44DE-A1E4-67CC7BC2337B}"
EndProject
Project("{9A19103F-16F7-4668-BE54-9A1E7A4F7556}") = "zad6", "zad6\zad6.csproj", "{EC7808D5-3C6F-45FC-8E84-3D8AA99717D0}"
EndProject
Project("{9A19103F-16F7-4668-BE54-9A1E7A4F7556}") = "zad7", "zad7\zad7.csproj", "{2E58BF8D-DB17-4D67-B411-3BC4659E83A2}"
EndProject
Project("{FAE04EC0-301F-11D3-BF4B-00C04F79EFBC}") = "zad 8", "zad 8\zad 8.csproj", "{29DEF81C-8F57-48A7-A186-55A556174B9C}"
EndProject
Project("{FAE04EC0-301F-11D3-BF4B-00C04F79EFBC}") = "zad9", "zad9\zad9.csproj", "{6399F9A1-46BF-452C-AB5F-293CAFF00CE9}"
EndProject
Project("{FAE04EC0-301F-11D3-BF4B-00C04F79EFBC}") = "zad10", "zad10\zad10.csproj", "{EA07466F-AAF0-428D-8B51-3BD32F4862F9}"
EndProject
Global
	GlobalSection(SolutionConfigurationPlatforms) = preSolution
		Debug|Any CPU = Debug|Any CPU
		Release|Any CPU = Release|Any CPU
	EndGlobalSection
	GlobalSection(ProjectConfigurationPlatforms) = postSolution
		{39F80C5F-30C9-4741-B5E2-013022A65B4C}.Debug|Any CPU.ActiveCfg = Debug|Any CPU
		{39F80C5F-30C9-4741-B5E2-013022A65B4C}.Debug|Any CPU.Build.0 = Debug|Any CPU
		{39F80C5F-30C9-4741-B5E2-013022A65B4C}.Release|Any CPU.ActiveCfg = Release|Any CPU
		{39F80C5F-30C9-4741-B5E2-013022A65B4C}.Release|Any CPU.Build.0 = Release|Any CPU
		{6FA19801-96DB-4D2F-970D-85F3908A8DA4}.Debug|Any CPU.ActiveCfg = Debug|Any CPU
		{6FA19801-96DB-4D2F-970D-85F3908A8DA4}.Debug|Any CPU.Build.0 = Debug|Any CPU
		{6FA19801-96DB-4D2F-970D-85F3908A8DA4}.Release|Any CPU.ActiveCfg = Release|Any CPU
		{6FA19801-96DB-4D2F-970D-85F3908A8DA4}.Release|Any CPU.Build.0 = Release|Any CPU
		{10216DB3-6355-47CD-B58B-DFC221BB2295}.Debug|Any CPU.ActiveCfg = Debug|Any CPU
		{10216DB3-6355-47CD-B58B-DFC221BB2295}.Debug|Any CPU.Build.0 = Debug|Any CPU
		{10216DB3-6355-47CD-B58B-DFC221BB2295}.Release|Any CPU.ActiveCfg = Release|Any CPU
		{10216DB3-6355-47CD-B58B-DFC221BB2295}.Release|Any CPU.Build.0 = Release|Any CPU
		{7E5CDDAD-E597-47E6-B3B1-C4D0F4D65210}.Debug|Any CPU.ActiveCfg = Debug|Any CPU
		{7E5CDDAD-E597-47E6-B3B1-C4D0F4D65210}.Debug|Any CPU.Build.0 = Debug|Any CPU
		{7E5CDDAD-E597-47E6-B3B1-C4D0F4D65210}.Release|Any CPU.ActiveCfg = Release|Any CPU
		{7E5CDDAD-E597-47E6-B3B1-C4D0F4D65210}.Release|Any CPU.Build.0 = Release|Any CPU
		{9C53088C-3ADA-44DE-A1E4-67CC7BC2337B}.Debug|Any CPU.ActiveCfg = Debug|Any CPU
		{9C53088C-3ADA-44DE-A1E4-67CC7BC2337B}.Debug|Any CPU.Build.0 = Debug|Any CPU
		{9C53088C-3ADA-44DE-A1E4-67CC7BC2337B}.Release|Any CPU.ActiveCfg = Release|Any CPU
		{9C53088C-3ADA-44DE-A1E4-67CC7BC2337B}.Release|Any CPU.Build.0 = Release|Any CPU
		{EC7808D5-3C6F-45FC-8E84-3D8AA99717D0}.Debug|Any CPU.ActiveCfg = Debug|Any CPU
		{EC7808D5-3C6F-45FC-8E84-3D8AA99717D0}.Debug|Any CPU.Build.0 = Debug|Any CPU
		{EC7808D5-3C6F-45FC-8E84-3D8AA99717D0}.Release|Any CPU.ActiveCfg = Release|Any CPU
		{EC7808D5-3C6F-45FC-8E84-3D8AA99717D0}.Release|Any CPU.Build.0 = Release|Any CPU
		{2E58BF8D-DB17-4D67-B411-3BC4659E83A2}.Debug|Any CPU.ActiveCfg = Debug|Any CPU
		{2E58BF8D-DB17-4D67-B411-3BC4659E83A2}.Debug|Any CPU.Build.0 = Debug|Any CPU
		{2E58BF8D-DB17-4D67-B411-3BC4659E83A2}.Release|Any CPU.ActiveCfg = Release|Any CPU
		{2E58BF8D-DB17-4D67-B411-3BC4659E83A2}.Release|Any CPU.Build.0 = Release|Any CPU
		{29DEF81C-8F57-48A7-A186-55A556174B9C}.Debug|Any CPU.ActiveCfg = Debug|Any CPU
		{29DEF81C-8F57-48A7-A186-55A556174B9C}.Debug|Any CPU.Build.0 = Debug|Any CPU
		{29DEF81C-8F57-48A7-A186-55A556174B9C}.Release|Any CPU.ActiveCfg = Release|Any CPU
		{29DEF81C-8F57-48A7-A186-55A556174B9C}.Release|Any CPU.Build.0 = Release|Any CPU
		{6399F9A1-46BF-452C-AB5F-293CAFF00CE9}.Debug|Any CPU.ActiveCfg = Debug|Any CPU
		{6399F9A1-46BF-452C-AB5F-293CAFF00CE9}.Debug|Any CPU.Build.0 = Debug|Any CPU
		{6399F9A1-46BF-452C-AB5F-293CAFF00CE9}.Release|Any CPU.ActiveCfg = Release|Any CPU
		{6399F9A1-46BF-452C-AB5F-293CAFF00CE9}.Release|Any CPU.Build.0 = Release|Any CPU
		{EA07466F-AAF0-428D-8B51-3BD32F4862F9}.Debug|Any CPU.ActiveCfg = Debug|Any CPU
		{EA07466F-AAF0-428D-8B51-3BD32F4862F9}.Debug|Any CPU.Build.0 = Debug|Any CPU
		{EA07466F-AAF0-428D-8B51-3BD32F4862F9}.Release|Any CPU.ActiveCfg = Release|Any CPU
		{EA07466F-AAF0-428D-8B51-3BD32F4862F9}.Release|Any CPU.Build.0 = Release|Any CPU
	EndGlobalSection
	GlobalSection(SolutionProperties) = preSolution
		HideSolutionNode = FALSE
	EndGlobalSection
	GlobalSection(ExtensibilityGlobals) = postSolution
		SolutionGuid = {1A8C1596-7161-4FA1-A6A6-60C0CC545DF9}
	EndGlobalSection
EndGlobal
