
Microsoft Visual Studio Solution File, Format Version 12.00
# Visual Studio Version 17
VisualStudioVersion = 17.2.32505.173
MinimumVisualStudioVersion = 10.0.40219.1
Project("{FAE04EC0-301F-11D3-BF4B-00C04F79EFBC}") = "zad2", "zad2\zad2.csproj", "{D39F1A34-2EF8-4631-94EC-97D8BFE79F39}"
EndProject
Project("{FAE04EC0-301F-11D3-BF4B-00C04F79EFBC}") = "zadd2", "zadd2\zadd2.csproj", "{A216E08E-3216-4639-B639-F0189C9D911A}"
EndProject
Project("{FAE04EC0-301F-11D3-BF4B-00C04F79EFBC}") = "zad3", "zad3\zad3.csproj", "{55BDF215-4433-4F23-8349-1AF1E5B8A930}"
EndProject
Global
	GlobalSection(SolutionConfigurationPlatforms) = preSolution
		Debug|Any CPU = Debug|Any CPU
		Release|Any CPU = Release|Any CPU
	EndGlobalSection
	GlobalSection(ProjectConfigurationPlatforms) = postSolution
		{D39F1A34-2EF8-4631-94EC-97D8BFE79F39}.Debug|Any CPU.ActiveCfg = Debug|Any CPU
		{D39F1A34-2EF8-4631-94EC-97D8BFE79F39}.Debug|Any CPU.Build.0 = Debug|Any CPU
		{D39F1A34-2EF8-4631-94EC-97D8BFE79F39}.Release|Any CPU.ActiveCfg = Release|Any CPU
		{D39F1A34-2EF8-4631-94EC-97D8BFE79F39}.Release|Any CPU.Build.0 = Release|Any CPU
		{A216E08E-3216-4639-B639-F0189C9D911A}.Debug|Any CPU.ActiveCfg = Debug|Any CPU
		{A216E08E-3216-4639-B639-F0189C9D911A}.Debug|Any CPU.Build.0 = Debug|Any CPU
		{A216E08E-3216-4639-B639-F0189C9D911A}.Release|Any CPU.ActiveCfg = Release|Any CPU
		{A216E08E-3216-4639-B639-F0189C9D911A}.Release|Any CPU.Build.0 = Release|Any CPU
		{55BDF215-4433-4F23-8349-1AF1E5B8A930}.Debug|Any CPU.ActiveCfg = Debug|Any CPU
		{55BDF215-4433-4F23-8349-1AF1E5B8A930}.Debug|Any CPU.Build.0 = Debug|Any CPU
		{55BDF215-4433-4F23-8349-1AF1E5B8A930}.Release|Any CPU.ActiveCfg = Release|Any CPU
		{55BDF215-4433-4F23-8349-1AF1E5B8A930}.Release|Any CPU.Build.0 = Release|Any CPU
	EndGlobalSection
	GlobalSection(SolutionProperties) = preSolution
		HideSolutionNode = FALSE
	EndGlobalSection
	GlobalSection(ExtensibilityGlobals) = postSolution
		SolutionGuid = {A5E89DB4-7EF9-46DE-8416-85294113D6BE}
	EndGlobalSection
EndGlobal
